// !$*UTF8*$!
{
	archiveVersion = 1;
	classes = {
	};
	objectVersion = 46;
	objects = {

/* Begin PBXBuildFile section */
		8485059119F92E5800A27933 /* Foundation.framework in Frameworks */ = {isa = PBXBuildFile; fileRef = 8485059019F92E5800A27933 /* Foundation.framework */; };
		8485059319F92E5800A27933 /* CoreGraphics.framework in Frameworks */ = {isa = PBXBuildFile; fileRef = 8485059219F92E5800A27933 /* CoreGraphics.framework */; };
		8485059519F92E5800A27933 /* UIKit.framework in Frameworks */ = {isa = PBXBuildFile; fileRef = 8485059419F92E5800A27933 /* UIKit.framework */; };
		8485059B19F92E5800A27933 /* InfoPlist.strings in Resources */ = {isa = PBXBuildFile; fileRef = 8485059919F92E5800A27933 /* InfoPlist.strings */; };
		8485059D19F92E5800A27933 /* main.m in Sources */ = {isa = PBXBuildFile; fileRef = 8485059C19F92E5800A27933 /* main.m */; };
		848505A119F92E5800A27933 /* AppDelegate.m in Sources */ = {isa = PBXBuildFile; fileRef = 848505A019F92E5800A27933 /* AppDelegate.m */; };
		848505A319F92E5800A27933 /* Images.xcassets in Resources */ = {isa = PBXBuildFile; fileRef = 848505A219F92E5800A27933 /* Images.xcassets */; };
		848505AA19F92E5800A27933 /* XCTest.framework in Frameworks */ = {isa = PBXBuildFile; fileRef = 848505A919F92E5800A27933 /* XCTest.framework */; };
		848505AB19F92E5800A27933 /* Foundation.framework in Frameworks */ = {isa = PBXBuildFile; fileRef = 8485059019F92E5800A27933 /* Foundation.framework */; };
		848505AC19F92E5800A27933 /* UIKit.framework in Frameworks */ = {isa = PBXBuildFile; fileRef = 8485059419F92E5800A27933 /* UIKit.framework */; };
		848505B419F92E5800A27933 /* InfoPlist.strings in Resources */ = {isa = PBXBuildFile; fileRef = 848505B219F92E5800A27933 /* InfoPlist.strings */; };
		848505B619F92E5800A27933 /* XLWeiboTests.m in Sources */ = {isa = PBXBuildFile; fileRef = 848505B519F92E5800A27933 /* XLWeiboTests.m */; };
/* End PBXBuildFile section */

/* Begin PBXContainerItemProxy section */
		848505AD19F92E5800A27933 /* PBXContainerItemProxy */ = {
			isa = PBXContainerItemProxy;
			containerPortal = 8485058519F92E5800A27933 /* Project object */;
			proxyType = 1;
			remoteGlobalIDString = 8485058C19F92E5800A27933;
			remoteInfo = XLWeibo;
		};
/* End PBXContainerItemProxy section */

/* Begin PBXFileReference section */
		8485058D19F92E5800A27933 /* XLWeibo.app */ = {isa = PBXFileReference; explicitFileType = wrapper.application; includeInIndex = 0; path = XLWeibo.app; sourceTree = BUILT_PRODUCTS_DIR; };
		8485059019F92E5800A27933 /* Foundation.framework */ = {isa = PBXFileReference; lastKnownFileType = wrapper.framework; name = Foundation.framework; path = System/Library/Frameworks/Foundation.framework; sourceTree = SDKROOT; };
		8485059219F92E5800A27933 /* CoreGraphics.framework */ = {isa = PBXFileReference; lastKnownFileType = wrapper.framework; name = CoreGraphics.framework; path = System/Library/Frameworks/CoreGraphics.framework; sourceTree = SDKROOT; };
		8485059419F92E5800A27933 /* UIKit.framework */ = {isa = PBXFileReference; lastKnownFileType = wrapper.framework; name = UIKit.framework; path = System/Library/Frameworks/UIKit.framework; sourceTree = SDKROOT; };
		8485059819F92E5800A27933 /* XLWeibo-Info.plist */ = {isa = PBXFileReference; lastKnownFileType = text.plist.xml; path = "XLWeibo-Info.plist"; sourceTree = "<group>"; };
		8485059A19F92E5800A27933 /* en */ = {isa = PBXFileReference; lastKnownFileType = text.plist.strings; name = en; path = en.lproj/InfoPlist.strings; sourceTree = "<group>"; };
		8485059C19F92E5800A27933 /* main.m */ = {isa = PBXFileReference; lastKnownFileType = sourcecode.c.objc; path = main.m; sourceTree = "<group>"; };
		8485059E19F92E5800A27933 /* XLWeibo-Prefix.pch */ = {isa = PBXFileReference; lastKnownFileType = sourcecode.c.h; path = "XLWeibo-Prefix.pch"; sourceTree = "<group>"; };
		8485059F19F92E5800A27933 /* AppDelegate.h */ = {isa = PBXFileReference; lastKnownFileType = sourcecode.c.h; path = AppDelegate.h; sourceTree = "<group>"; };
		848505A019F92E5800A27933 /* AppDelegate.m */ = {isa = PBXFileReference; lastKnownFileType = sourcecode.c.objc; path = AppDelegate.m; sourceTree = "<group>"; };
		848505A219F92E5800A27933 /* Images.xcassets */ = {isa = PBXFileReference; lastKnownFileType = folder.assetcatalog; path = Images.xcassets; sourceTree = "<group>"; };
		848505A819F92E5800A27933 /* XLWeiboTests.xctest */ = {isa = PBXFileReference; explicitFileType = wrapper.cfbundle; includeInIndex = 0; path = XLWeiboTests.xctest; sourceTree = BUILT_PRODUCTS_DIR; };
		848505A919F92E5800A27933 /* XCTest.framework */ = {isa = PBXFileReference; lastKnownFileType = wrapper.framework; name = XCTest.framework; path = Library/Frameworks/XCTest.framework; sourceTree = DEVELOPER_DIR; };
		848505B119F92E5800A27933 /* XLWeiboTests-Info.plist */ = {isa = PBXFileReference; lastKnownFileType = text.plist.xml; path = "XLWeiboTests-Info.plist"; sourceTree = "<group>"; };
		848505B319F92E5800A27933 /* en */ = {isa = PBXFileReference; lastKnownFileType = text.plist.strings; name = en; path = en.lproj/InfoPlist.strings; sourceTree = "<group>"; };
		848505B519F92E5800A27933 /* XLWeiboTests.m */ = {isa = PBXFileReference; lastKnownFileType = sourcecode.c.objc; path = XLWeiboTests.m; sourceTree = "<group>"; };
/* End PBXFileReference section */

/* Begin PBXFrameworksBuildPhase section */
		8485058A19F92E5800A27933 /* Frameworks */ = {
			isa = PBXFrameworksBuildPhase;
			buildActionMask = 2147483647;
			files = (
				8485059319F92E5800A27933 /* CoreGraphics.framework in Frameworks */,
				8485059519F92E5800A27933 /* UIKit.framework in Frameworks */,
				8485059119F92E5800A27933 /* Foundation.framework in Frameworks */,
			);
			runOnlyForDeploymentPostprocessing = 0;
		};
		848505A519F92E5800A27933 /* Frameworks */ = {
			isa = PBXFrameworksBuildPhase;
			buildActionMask = 2147483647;
			files = (
				848505AA19F92E5800A27933 /* XCTest.framework in Frameworks */,
				848505AC19F92E5800A27933 /* UIKit.framework in Frameworks */,
				848505AB19F92E5800A27933 /* Foundation.framework in Frameworks */,
			);
			runOnlyForDeploymentPostprocessing = 0;
		};
/* End PBXFrameworksBuildPhase section */

/* Begin PBXGroup section */
		8485058419F92E5800A27933 = {
			isa = PBXGroup;
			children = (
				8485059619F92E5800A27933 /* XLWeibo */,
				848505AF19F92E5800A27933 /* XLWeiboTests */,
				8485058F19F92E5800A27933 /* Frameworks */,
				8485058E19F92E5800A27933 /* Products */,
			);
			sourceTree = "<group>";
		};
		8485058E19F92E5800A27933 /* Products */ = {
			isa = PBXGroup;
			children = (
				8485058D19F92E5800A27933 /* XLWeibo.app */,
				848505A819F92E5800A27933 /* XLWeiboTests.xctest */,
			);
			name = Products;
			sourceTree = "<group>";
		};
		8485058F19F92E5800A27933 /* Frameworks */ = {
			isa = PBXGroup;
			children = (
				8485059019F92E5800A27933 /* Foundation.framework */,
				8485059219F92E5800A27933 /* CoreGraphics.framework */,
				8485059419F92E5800A27933 /* UIKit.framework */,
				848505A919F92E5800A27933 /* XCTest.framework */,
			);
			name = Frameworks;
			sourceTree = "<group>";
		};
		8485059619F92E5800A27933 /* XLWeibo */ = {
			isa = PBXGroup;
			children = (
				8485059F19F92E5800A27933 /* AppDelegate.h */,
				848505A019F92E5800A27933 /* AppDelegate.m */,
				848505A219F92E5800A27933 /* Images.xcassets */,
				8485059719F92E5800A27933 /* Supporting Files */,
			);
			path = XLWeibo;
			sourceTree = "<group>";
		};
		8485059719F92E5800A27933 /* Supporting Files */ = {
			isa = PBXGroup;
			children = (
				8485059819F92E5800A27933 /* XLWeibo-Info.plist */,
				8485059919F92E5800A27933 /* InfoPlist.strings */,
				8485059C19F92E5800A27933 /* main.m */,
				8485059E19F92E5800A27933 /* XLWeibo-Prefix.pch */,
			);
			name = "Supporting Files";
			sourceTree = "<group>";
		};
		848505AF19F92E5800A27933 /* XLWeiboTests */ = {
			isa = PBXGroup;
			children = (
				848505B519F92E5800A27933 /* XLWeiboTests.m */,
				848505B019F92E5800A27933 /* Supporting Files */,
			);
			path = XLWeiboTests;
			sourceTree = "<group>";
		};
		848505B019F92E5800A27933 /* Supporting Files */ = {
			isa = PBXGroup;
			children = (
				848505B119F92E5800A27933 /* XLWeiboTests-Info.plist */,
				848505B219F92E5800A27933 /* InfoPlist.strings */,
			);
			name = "Supporting Files";
			sourceTree = "<group>";
		};
/* End PBXGroup section */

/* Begin PBXNativeTarget section */
		8485058C19F92E5800A27933 /* XLWeibo */ = {
			isa = PBXNativeTarget;
			buildConfigurationList = 848505B919F92E5800A27933 /* Build configuration list for PBXNativeTarget "XLWeibo" */;
			buildPhases = (
				8485058919F92E5800A27933 /* Sources */,
				8485058A19F92E5800A27933 /* Frameworks */,
				8485058B19F92E5800A27933 /* Resources */,
			);
			buildRules = (
			);
			dependencies = (
			);
			name = XLWeibo;
			productName = XLWeibo;
			productReference = 8485058D19F92E5800A27933 /* XLWeibo.app */;
			productType = "com.apple.product-type.application";
		};
		848505A719F92E5800A27933 /* XLWeiboTests */ = {
			isa = PBXNativeTarget;
			buildConfigurationList = 848505BC19F92E5800A27933 /* Build configuration list for PBXNativeTarget "XLWeiboTests" */;
			buildPhases = (
				848505A419F92E5800A27933 /* Sources */,
				848505A519F92E5800A27933 /* Frameworks */,
				848505A619F92E5800A27933 /* Resources */,
			);
			buildRules = (
			);
			dependencies = (
				848505AE19F92E5800A27933 /* PBXTargetDependency */,
			);
			name = XLWeiboTests;
			productName = XLWeiboTests;
			productReference = 848505A819F92E5800A27933 /* XLWeiboTests.xctest */;
			productType = "com.apple.product-type.bundle.unit-test";
		};
/* End PBXNativeTarget section */

/* Begin PBXProject section */
		8485058519F92E5800A27933 /* Project object */ = {
			isa = PBXProject;
			attributes = {
				LastUpgradeCheck = 0500;
				ORGANIZATIONNAME = xl;
				TargetAttributes = {
					848505A719F92E5800A27933 = {
						TestTargetID = 8485058C19F92E5800A27933;
					};
				};
			};
			buildConfigurationList = 8485058819F92E5800A27933 /* Build configuration list for PBXProject "XLWeibo" */;
			compatibilityVersion = "Xcode 3.2";
			developmentRegion = English;
			hasScannedForEncodings = 0;
			knownRegions = (
				en,
			);
			mainGroup = 8485058419F92E5800A27933;
			productRefGroup = 8485058E19F92E5800A27933 /* Products */;
			projectDirPath = "";
			projectRoot = "";
			targets = (
				8485058C19F92E5800A27933 /* XLWeibo */,
				848505A719F92E5800A27933 /* XLWeiboTests */,
			);
		};
/* End PBXProject section */

/* Begin PBXResourcesBuildPhase section */
		8485058B19F92E5800A27933 /* Resources */ = {
			isa = PBXResourcesBuildPhase;
			buildActionMask = 2147483647;
			files = (
				8485059B19F92E5800A27933 /* InfoPlist.strings in Resources */,
				848505A319F92E5800A27933 /* Images.xcassets in Resources */,
			);
			runOnlyForDeploymentPostprocessing = 0;
		};
		848505A619F92E5800A27933 /* Resources */ = {
			isa = PBXResourcesBuildPhase;
			buildActionMask = 2147483647;
			files = (
				848505B419F92E5800A27933 /* InfoPlist.strings in Resources */,
			);
			runOnlyForDeploymentPostprocessing = 0;
		};
/* End PBXResourcesBuildPhase section */

/* Begin PBXSourcesBuildPhase section */
		8485058919F92E5800A27933 /* Sources */ = {
			isa = PBXSourcesBuildPhase;
			buildActionMask = 2147483647;
			files = (
				848505A119F92E5800A27933 /* AppDelegate.m in Sources */,
				8485059D19F92E5800A27933 /* main.m in Sources */,
			);
			runOnlyForDeploymentPostprocessing = 0;
		};
		848505A419F92E5800A27933 /* Sources */ = {
			isa = PBXSourcesBuildPhase;
			buildActionMask = 2147483647;
			files = (
				848505B619F92E5800A27933 /* XLWeiboTests.m in Sources */,
			);
			runOnlyForDeploymentPostprocessing = 0;
		};
/* End PBXSourcesBuildPhase section */

/* Begin PBXTargetDependency section */
		848505AE19F92E5800A27933 /* PBXTargetDependency */ = {
			isa = PBXTargetDependency;
			target = 8485058C19F92E5800A27933 /* XLWeibo */;
			targetProxy = 848505AD19F92E5800A27933 /* PBXContainerItemProxy */;
		};
/* End PBXTargetDependency section */

/* Begin PBXVariantGroup section */
		8485059919F92E5800A27933 /* InfoPlist.strings */ = {
			isa = PBXVariantGroup;
			children = (
				8485059A19F92E5800A27933 /* en */,
			);
			name = InfoPlist.strings;
			sourceTree = "<group>";
		};
		848505B219F92E5800A27933 /* InfoPlist.strings */ = {
			isa = PBXVariantGroup;
			children = (
				848505B319F92E5800A27933 /* en */,
			);
			name = InfoPlist.strings;
			sourceTree = "<group>";
		};
/* End PBXVariantGroup section */

/* Begin XCBuildConfiguration section */
		848505B719F92E5800A27933 /* Debug */ = {
			isa = XCBuildConfiguration;
			buildSettings = {
				ALWAYS_SEARCH_USER_PATHS = NO;
				CLANG_CXX_LANGUAGE_STANDARD = "gnu++0x";
				CLANG_CXX_LIBRARY = "libc++";
				CLANG_ENABLE_MODULES = YES;
				CLANG_ENABLE_OBJC_ARC = YES;
				CLANG_WARN_BOOL_CONVERSION = YES;
				CLANG_WARN_CONSTANT_CONVERSION = YES;
				CLANG_WARN_DIRECT_OBJC_ISA_USAGE = YES_ERROR;
				CLANG_WARN_EMPTY_BODY = YES;
				CLANG_WARN_ENUM_CONVERSION = YES;
				CLANG_WARN_INT_CONVERSION = YES;
				CLANG_WARN_OBJC_ROOT_CLASS = YES_ERROR;
				CLANG_WARN__DUPLICATE_METHOD_MATCH = YES;
				"CODE_SIGN_IDENTITY[sdk=iphoneos*]" = "iPhone Developer";
				COPY_PHASE_STRIP = NO;
				GCC_C_LANGUAGE_STANDARD = gnu99;
				GCC_DYNAMIC_NO_PIC = NO;
				GCC_OPTIMIZATION_LEVEL = 0;
				GCC_PREPROCESSOR_DEFINITIONS = (
					"DEBUG=1",
					"$(inherited)",
				);
				GCC_SYMBOLS_PRIVATE_EXTERN = NO;
				GCC_WARN_ABOUT_RETURN_TYPE = YES_ERROR;
				GCC_WARN_UNDECLARED_SELECTOR = YES;
				GCC_WARN_UNINITIALIZED_AUTOS = YES;
				GCC_WARN_UNUSED_FUNCTION = YES;
				GCC_WARN_UNUSED_VARIABLE = YES;
				IPHONEOS_DEPLOYMENT_TARGET = 7.0;
				ONLY_ACTIVE_ARCH = YES;
				SDKROOT = iphoneos;
			};
			name = Debug;
		};
		848505B819F92E5800A27933 /* Release */ = {
			isa = XCBuildConfiguration;
			buildSettings = {
				ALWAYS_SEARCH_USER_PATHS = NO;
				CLANG_CXX_LANGUAGE_STANDARD = "gnu++0x";
				CLANG_CXX_LIBRARY = "libc++";
				CLANG_ENABLE_MODULES = YES;
				CLANG_ENABLE_OBJC_ARC = YES;
				CLANG_WARN_BOOL_CONVERSION = YES;
				CLANG_WARN_CONSTANT_CONVERSION = YES;
				CLANG_WARN_DIRECT_OBJC_ISA_USAGE = YES_ERROR;
				CLANG_WARN_EMPTY_BODY = YES;
				CLANG_WARN_ENUM_CONVERSION = YES;
				CLANG_WARN_INT_CONVERSION = YES;
				CLANG_WARN_OBJC_ROOT_CLASS = YES_ERROR;
				CLANG_WARN__DUPLICATE_METHOD_MATCH = YES;
				"CODE_SIGN_IDENTITY[sdk=iphoneos*]" = "iPhone Developer";
				COPY_PHASE_STRIP = YES;
				ENABLE_NS_ASSERTIONS = NO;
				GCC_C_LANGUAGE_STANDARD = gnu99;
				GCC_WARN_ABOUT_RETURN_TYPE = YES_ERROR;
				GCC_WARN_UNDECLARED_SELECTOR = YES;
				GCC_WARN_UNINITIALIZED_AUTOS = YES;
				GCC_WARN_UNUSED_FUNCTION = YES;
				GCC_WARN_UNUSED_VARIABLE = YES;
				IPHONEOS_DEPLOYMENT_TARGET = 7.0;
				SDKROOT = iphoneos;
				VALIDATE_PRODUCT = YES;
			};
			name = Release;
		};
		848505BA19F92E5800A27933 /* Debug */ = {
			isa = XCBuildConfiguration;
			buildSettings = {
				ASSETCATALOG_COMPILER_APPICON_NAME = AppIcon;
				ASSETCATALOG_COMPILER_LAUNCHIMAGE_NAME = LaunchImage;
				GCC_PRECOMPILE_PREFIX_HEADER = YES;
				GCC_PREFIX_HEADER = "XLWeibo/XLWeibo-Prefix.pch";
				INFOPLIST_FILE = "XLWeibo/XLWeibo-Info.plist";
				PRODUCT_NAME = "$(TARGET_NAME)";
				WRAPPER_EXTENSION = app;
			};
			name = Debug;
		};
		848505BB19F92E5800A27933 /* Release */ = {
			isa = XCBuildConfiguration;
			buildSettings = {
				ASSETCATALOG_COMPILER_APPICON_NAME = AppIcon;
				ASSETCATALOG_COMPILER_LAUNCHIMAGE_NAME = LaunchImage;
				GCC_PRECOMPILE_PREFIX_HEADER = YES;
				GCC_PREFIX_HEADER = "XLWeibo/XLWeibo-Prefix.pch";
				INFOPLIST_FILE = "XLWeibo/XLWeibo-Info.plist";
				PRODUCT_NAME = "$(TARGET_NAME)";
				WRAPPER_EXTENSION = app;
			};
			name = Release;
		};
		848505BD19F92E5800A27933 /* Debug */ = {
			isa = XCBuildConfiguration;
			buildSettings = {
				BUNDLE_LOADER = "$(BUILT_PRODUCTS_DIR)/XLWeibo.app/XLWeibo";
				FRAMEWORK_SEARCH_PATHS = (
					"$(SDKROOT)/Developer/Library/Frameworks",
					"$(inherited)",
					"$(SYSTEM_APPS_DIR)/Xcode5-DP.app/Contents/Developer/Library/Frameworks",
				);
				GCC_PRECOMPILE_PREFIX_HEADER = YES;
				GCC_PREFIX_HEADER = "XLWeibo/XLWeibo-Prefix.pch";
				GCC_PREPROCESSOR_DEFINITIONS = (
					"DEBUG=1",
					"$(inherited)",
				);
				INFOPLIST_FILE = "XLWeiboTests/XLWeiboTests-Info.plist";
				PRODUCT_NAME = "$(TARGET_NAME)";
				TEST_HOST = "$(BUNDLE_LOADER)";
				WRAPPER_EXTENSION = xctest;
			};
			name = Debug;
		};
		848505BE19F92E5800A27933 /* Release */ = {
			isa = XCBuildConfiguration;
			buildSettings = {
				BUNDLE_LOADER = "$(BUILT_PRODUCTS_DIR)/XLWeibo.app/XLWeibo";
				FRAMEWORK_SEARCH_PATHS = (
					"$(SDKROOT)/Developer/Library/Frameworks",
					"$(inherited)",
					"$(SYSTEM_APPS_DIR)/Xcode5-DP.app/Contents/Developer/Library/Frameworks",
				);
				GCC_PRECOMPILE_PREFIX_HEADER = YES;
				GCC_PREFIX_HEADER = "XLWeibo/XLWeibo-Prefix.pch";
				INFOPLIST_FILE = "XLWeiboTests/XLWeiboTests-Info.plist";
				PRODUCT_NAME = "$(TARGET_NAME)";
				TEST_HOST = "$(BUNDLE_LOADER)";
				WRAPPER_EXTENSION = xctest;
			};
			name = Release;
		};
/* End XCBuildConfiguration section */

/* Begin XCConfigurationList section */
		8485058819F92E5800A27933 /* Build configuration list for PBXProject "XLWeibo" */ = {
			isa = XCConfigurationList;
			buildConfigurations = (
				848505B719F92E5800A27933 /* Debug */,
				848505B819F92E5800A27933 /* Release */,
			);
			defaultConfigurationIsVisible = 0;
			defaultConfigurationName = Release;
		};
		848505B919F92E5800A27933 /* Build configuration list for PBXNativeTarget "XLWeibo" */ = {
			isa = XCConfigurationList;
			buildConfigurations = (
				848505BA19F92E5800A27933 /* Debug */,
				848505BB19F92E5800A27933 /* Release */,
			);
			defaultConfigurationIsVisible = 0;
		};
		848505BC19F92E5800A27933 /* Build configuration list for PBXNativeTarget "XLWeiboTests" */ = {
			isa = XCConfigurationList;
			buildConfigurations = (
				848505BD19F92E5800A27933 /* Debug */,
				848505BE19F92E5800A27933 /* Release */,
			);
			defaultConfigurationIsVisible = 0;
		};
/* End XCConfigurationList section */
	};
	rootObject = 8485058519F92E5800A27933 /* Project object */;
}
